// !$*UTF8*$!
{
	archiveVersion = 1;
	classes = {
	};
	objectVersion = 51;
	objects = {

/* Begin PBXBuildFile section */
		40127ACE23A06E3C00260AF0 /* AppDelegate.swift in Sources */ = {isa = PBXBuildFile; fileRef = 40127ACD23A06E3C00260AF0 /* AppDelegate.swift */; };
		40127AD023A06E3C00260AF0 /* SceneDelegate.swift in Sources */ = {isa = PBXBuildFile; fileRef = 40127ACF23A06E3C00260AF0 /* SceneDelegate.swift */; };
		40127AD523A06E3C00260AF0 /* Login.storyboard in Resources */ = {isa = PBXBuildFile; fileRef = 40127AD323A06E3C00260AF0 /* Login.storyboard */; };
		40127AD723A06E4600260AF0 /* Assets.xcassets in Resources */ = {isa = PBXBuildFile; fileRef = 40127AD623A06E4600260AF0 /* Assets.xcassets */; };
		40127ADA23A06E4600260AF0 /* LaunchScreen.storyboard in Resources */ = {isa = PBXBuildFile; fileRef = 40127AD823A06E4600260AF0 /* LaunchScreen.storyboard */; };
		40127AE523A06E4700260AF0 /* Recipe_CICCCTests.swift in Sources */ = {isa = PBXBuildFile; fileRef = 40127AE423A06E4700260AF0 /* Recipe_CICCCTests.swift */; };
		40127AF023A06E4700260AF0 /* Recipe_CICCCUITests.swift in Sources */ = {isa = PBXBuildFile; fileRef = 40127AEF23A06E4700260AF0 /* Recipe_CICCCUITests.swift */; };
		40127AFE23A0719200260AF0 /* GoogleService-Info.plist in Resources */ = {isa = PBXBuildFile; fileRef = 40127AFD23A0719200260AF0 /* GoogleService-Info.plist */; };
		402CAC6B23D92A37004A46F1 /* searchStoresTableViewCell.swift in Sources */ = {isa = PBXBuildFile; fileRef = 402CAC6A23D92A37004A46F1 /* searchStoresTableViewCell.swift */; };
		4058445623D16E5900C86B44 /* Main.storyboard in Resources */ = {isa = PBXBuildFile; fileRef = 4058445523D16E5900C86B44 /* Main.storyboard */; };
		4069254923D8346F00059C8E /* NumberTableViewCell.swift in Sources */ = {isa = PBXBuildFile; fileRef = 4069254623D8346F00059C8E /* NumberTableViewCell.swift */; };
		4069254A23D8346F00059C8E /* ButtonTableViewCell.swift in Sources */ = {isa = PBXBuildFile; fileRef = 4069254723D8346F00059C8E /* ButtonTableViewCell.swift */; };
		4069254B23D8346F00059C8E /* mainUserProfileTableViewCell.swift in Sources */ = {isa = PBXBuildFile; fileRef = 4069254823D8346F00059C8E /* mainUserProfileTableViewCell.swift */; };
		4069255923D834AC00059C8E /* recipeMainTableViewCell.swift in Sources */ = {isa = PBXBuildFile; fileRef = 4069255323D834AC00059C8E /* recipeMainTableViewCell.swift */; };
		4069255A23D834AC00059C8E /* iconItemTableViewCell.swift in Sources */ = {isa = PBXBuildFile; fileRef = 4069255423D834AC00059C8E /* iconItemTableViewCell.swift */; };
		4069255B23D834AC00059C8E /* titleTableViewCell.swift in Sources */ = {isa = PBXBuildFile; fileRef = 4069255523D834AC00059C8E /* titleTableViewCell.swift */; };
		4069255C23D834AC00059C8E /* IngredientsTableViewCell.swift in Sources */ = {isa = PBXBuildFile; fileRef = 4069255623D834AC00059C8E /* IngredientsTableViewCell.swift */; };
		4069255D23D834AC00059C8E /* HowToCookTableViewCell.swift in Sources */ = {isa = PBXBuildFile; fileRef = 4069255723D834AC00059C8E /* HowToCookTableViewCell.swift */; };
		4069255E23D834AC00059C8E /* creatorCellRecpipeTableViewCell.swift in Sources */ = {isa = PBXBuildFile; fileRef = 4069255823D834AC00059C8E /* creatorCellRecpipeTableViewCell.swift */; };
		4069256723D834C900059C8E /* IngredientsList.swift in Sources */ = {isa = PBXBuildFile; fileRef = 4069256123D834C900059C8E /* IngredientsList.swift */; };
		4069256823D834C900059C8E /* RecipeItem.swift in Sources */ = {isa = PBXBuildFile; fileRef = 4069256223D834C900059C8E /* RecipeItem.swift */; };
		4069256923D834C900059C8E /* recipeListCreatorItemTableViewCell.swift in Sources */ = {isa = PBXBuildFile; fileRef = 4069256323D834C900059C8E /* recipeListCreatorItemTableViewCell.swift */; };
		4069256A23D834C900059C8E /* userPageTableViewController.swift in Sources */ = {isa = PBXBuildFile; fileRef = 4069256423D834C900059C8E /* userPageTableViewController.swift */; };
		4069256B23D834C900059C8E /* howToCookList.swift in Sources */ = {isa = PBXBuildFile; fileRef = 4069256523D834C900059C8E /* howToCookList.swift */; };
		4069257023D834E000059C8E /* ButtonsList.swift in Sources */ = {isa = PBXBuildFile; fileRef = 4069256E23D834E000059C8E /* ButtonsList.swift */; };
		4069257A23D8350100059C8E /* ImagesCell.swift in Sources */ = {isa = PBXBuildFile; fileRef = 4069257223D8350100059C8E /* ImagesCell.swift */; };
		4069257B23D8350100059C8E /* DiscoveryViewController.swift in Sources */ = {isa = PBXBuildFile; fileRef = 4069257323D8350100059C8E /* DiscoveryViewController.swift */; };
		4069257C23D8350100059C8E /* Image.swift in Sources */ = {isa = PBXBuildFile; fileRef = 4069257423D8350100059C8E /* Image.swift */; };
		4069257D23D8350100059C8E /* CollectionViewCell.swift in Sources */ = {isa = PBXBuildFile; fileRef = 4069257523D8350100059C8E /* CollectionViewCell.swift */; };
		4069257E23D8350100059C8E /* SideMenuTableViewController.swift in Sources */ = {isa = PBXBuildFile; fileRef = 4069257623D8350100059C8E /* SideMenuTableViewController.swift */; };
		4069257F23D8350100059C8E /* MonthlyViewController.swift in Sources */ = {isa = PBXBuildFile; fileRef = 4069257723D8350100059C8E /* MonthlyViewController.swift */; };
		4069258023D8350100059C8E /* CreatorViewController.swift in Sources */ = {isa = PBXBuildFile; fileRef = 4069257823D8350100059C8E /* CreatorViewController.swift */; };
		4069258123D8350100059C8E /* RecipeViewController.swift in Sources */ = {isa = PBXBuildFile; fileRef = 4069257923D8350100059C8E /* RecipeViewController.swift */; };
		4069258C23D8351800059C8E /* profieTableViewCell.swift in Sources */ = {isa = PBXBuildFile; fileRef = 4069258423D8351800059C8E /* profieTableViewCell.swift */; };
		4069258D23D8351800059C8E /* creatorsList.swift in Sources */ = {isa = PBXBuildFile; fileRef = 4069258523D8351800059C8E /* creatorsList.swift */; };
		4069258E23D8351800059C8E /* recipeItemCollectionViewController.swift in Sources */ = {isa = PBXBuildFile; fileRef = 4069258623D8351800059C8E /* recipeItemCollectionViewController.swift */; };
		4069258F23D8351800059C8E /* TestCollectionViewCell.swift in Sources */ = {isa = PBXBuildFile; fileRef = 4069258723D8351800059C8E /* TestCollectionViewCell.swift */; };
		4069259023D8351800059C8E /* RecipeItemCollectionViewTableViewCell.swift in Sources */ = {isa = PBXBuildFile; fileRef = 4069258823D8351800059C8E /* RecipeItemCollectionViewTableViewCell.swift */; };
		4069259123D8351800059C8E /* creatorItem.swift in Sources */ = {isa = PBXBuildFile; fileRef = 4069258923D8351800059C8E /* creatorItem.swift */; };
		4069259223D8351800059C8E /* recipeListCreator.swift in Sources */ = {isa = PBXBuildFile; fileRef = 4069258A23D8351800059C8E /* recipeListCreator.swift */; };
		4069259923D8355200059C8E /* recipeItemTableViewController.swift in Sources */ = {isa = PBXBuildFile; fileRef = 4069259423D8355200059C8E /* recipeItemTableViewController.swift */; };
		4069259A23D8355200059C8E /* RecipeItemCollectionViewCell.swift in Sources */ = {isa = PBXBuildFile; fileRef = 4069259523D8355200059C8E /* RecipeItemCollectionViewCell.swift */; };
		4069259B23D8355200059C8E /* TestViewController.swift in Sources */ = {isa = PBXBuildFile; fileRef = 4069259623D8355200059C8E /* TestViewController.swift */; };
		4069259C23D8355200059C8E /* TableViewController.swift in Sources */ = {isa = PBXBuildFile; fileRef = 4069259723D8355200059C8E /* TableViewController.swift */; };
		4069259D23D8355200059C8E /* RecipePostedCollectionViewController.swift in Sources */ = {isa = PBXBuildFile; fileRef = 4069259823D8355200059C8E /* RecipePostedCollectionViewController.swift */; };
		408C319223C986FF00E74E4A /* shihomi.storyboard in Resources */ = {isa = PBXBuildFile; fileRef = 408C319123C986FF00E74E4A /* shihomi.storyboard */; };
		408C319D23C98C1E00E74E4A /* userPage.storyboard in Resources */ = {isa = PBXBuildFile; fileRef = 408C319523C98C1C00E74E4A /* userPage.storyboard */; };
		40A8051F23A07FF40094E52A /* EmailRegisterViewController.swift in Sources */ = {isa = PBXBuildFile; fileRef = 40A8051E23A07FF40094E52A /* EmailRegisterViewController.swift */; };
		40A8052123A08C130094E52A /* ResetPasswordViewController.swift in Sources */ = {isa = PBXBuildFile; fileRef = 40A8052023A08C130094E52A /* ResetPasswordViewController.swift */; };
		40BF229323D6AD920009FC69 /* LoginMainpageViewController.swift in Sources */ = {isa = PBXBuildFile; fileRef = 40BF229223D6AD920009FC69 /* LoginMainpageViewController.swift */; };
		484DADF5A56D21C65AE0925A /* Pods_Recipe_CICCCTests.framework in Frameworks */ = {isa = PBXBuildFile; fileRef = E32D65DEEA3D2064428CF46F /* Pods_Recipe_CICCCTests.framework */; };
		6F0FBAFD23DA3E49009C1775 /* savedRecipe.storyboard in Resources */ = {isa = PBXBuildFile; fileRef = 6F0FBAFC23DA3E49009C1775 /* savedRecipe.storyboard */; };
		6F0FBAFF23DA3ED3009C1775 /* SavedRecipeCollectionViewController.swift in Sources */ = {isa = PBXBuildFile; fileRef = 6F0FBAFE23DA3ED3009C1775 /* SavedRecipeCollectionViewController.swift */; };
		6F0FBB0123DA3EF4009C1775 /* SavedRecipeCollectionViewCell.swift in Sources */ = {isa = PBXBuildFile; fileRef = 6F0FBB0023DA3EF4009C1775 /* SavedRecipeCollectionViewCell.swift */; };
		6F0FBB0323DA4048009C1775 /* ViewController.swift in Sources */ = {isa = PBXBuildFile; fileRef = 4069258323D8351800059C8E /* ViewController.swift */; };
		6F0FBB0523DA491A009C1775 /* RecipeDetail.storyboard in Resources */ = {isa = PBXBuildFile; fileRef = 6F0FBB0423DA491A009C1775 /* RecipeDetail.storyboard */; };
		6F0FBB0823DA4F47009C1775 /* NumOfCreatorhasTableViewCell.swift in Sources */ = {isa = PBXBuildFile; fileRef = 6F0FBB0723DA4F47009C1775 /* NumOfCreatorhasTableViewCell.swift */; };
		6F0FBB0A23DA50A2009C1775 /* RefigeratorTableViewCell.swift in Sources */ = {isa = PBXBuildFile; fileRef = 6F0FBB0923DA50A2009C1775 /* RefigeratorTableViewCell.swift */; };
		6F0FBB0C23DA5145009C1775 /* userRecipeItemTableViewCell.swift in Sources */ = {isa = PBXBuildFile; fileRef = 6F0FBB0B23DA5145009C1775 /* userRecipeItemTableViewCell.swift */; };
		6F0FBB0E23DA526F009C1775 /* userRecipeItemCollectionViewCell.swift in Sources */ = {isa = PBXBuildFile; fileRef = 6F0FBB0D23DA526F009C1775 /* userRecipeItemCollectionViewCell.swift */; };
		6F0FBB1023DA52FC009C1775 /* explanationTableViewCell.swift in Sources */ = {isa = PBXBuildFile; fileRef = 6F0FBB0F23DA52FC009C1775 /* explanationTableViewCell.swift */; };
		6F3FF53F23DAABAD005162C7 /* Refrigerator.storyboard in Resources */ = {isa = PBXBuildFile; fileRef = 6F3FF53E23DAABAD005162C7 /* Refrigerator.storyboard */; };
		6F3FF54123DAAC7C005162C7 /* RefrigeratorTableViewController.swift in Sources */ = {isa = PBXBuildFile; fileRef = 6F3FF54023DAAC7C005162C7 /* RefrigeratorTableViewController.swift */; };
		6F3FF54423DAADF5005162C7 /* RecipeItemList.swift in Sources */ = {isa = PBXBuildFile; fileRef = 4069256023D834C900059C8E /* RecipeItemList.swift */; };
		6F3FF54523DAB0F0005162C7 /* RefrigeratorList.swift in Sources */ = {isa = PBXBuildFile; fileRef = 4069256D23D834E000059C8E /* RefrigeratorList.swift */; };
		6F3FF54723DAB62D005162C7 /* StoresMapViewController.swift in Sources */ = {isa = PBXBuildFile; fileRef = 6F3FF54623DAB62D005162C7 /* StoresMapViewController.swift */; };
		B85B44E4B7712DCAEA7533E2 /* Pods_Recipe_CICCC_Recipe_CICCCUITests.framework in Frameworks */ = {isa = PBXBuildFile; fileRef = B0AA45E6A7912FC6432A5B9C /* Pods_Recipe_CICCC_Recipe_CICCCUITests.framework */; };
		D842848E4079AD1F8EF4DF88 /* Pods_Recipe_CICCC.framework in Frameworks */ = {isa = PBXBuildFile; fileRef = D89B921DC6BD386DA580F255 /* Pods_Recipe_CICCC.framework */; };
/* End PBXBuildFile section */

/* Begin PBXContainerItemProxy section */
		40127AE123A06E4700260AF0 /* PBXContainerItemProxy */ = {
			isa = PBXContainerItemProxy;
			containerPortal = 40127AC223A06E3C00260AF0 /* Project object */;
			proxyType = 1;
			remoteGlobalIDString = 40127AC923A06E3C00260AF0;
			remoteInfo = "Recipe-CICCC";
		};
		40127AEC23A06E4700260AF0 /* PBXContainerItemProxy */ = {
			isa = PBXContainerItemProxy;
			containerPortal = 40127AC223A06E3C00260AF0 /* Project object */;
			proxyType = 1;
			remoteGlobalIDString = 40127AC923A06E3C00260AF0;
			remoteInfo = "Recipe-CICCC";
		};
/* End PBXContainerItemProxy section */

/* Begin PBXFileReference section */
		02494DD702BE27D7F9C693EC /* Pods-Recipe-CICCCTests.release.xcconfig */ = {isa = PBXFileReference; includeInIndex = 1; lastKnownFileType = text.xcconfig; name = "Pods-Recipe-CICCCTests.release.xcconfig"; path = "Target Support Files/Pods-Recipe-CICCCTests/Pods-Recipe-CICCCTests.release.xcconfig"; sourceTree = "<group>"; };
		0A68970065BD7EB4CE3E307C /* Pods-Recipe-CICCC.release.xcconfig */ = {isa = PBXFileReference; includeInIndex = 1; lastKnownFileType = text.xcconfig; name = "Pods-Recipe-CICCC.release.xcconfig"; path = "Target Support Files/Pods-Recipe-CICCC/Pods-Recipe-CICCC.release.xcconfig"; sourceTree = "<group>"; };
		1FB68862972AF3D3836E2626 /* Pods-Recipe-CICCC-Recipe-CICCCUITests.release.xcconfig */ = {isa = PBXFileReference; includeInIndex = 1; lastKnownFileType = text.xcconfig; name = "Pods-Recipe-CICCC-Recipe-CICCCUITests.release.xcconfig"; path = "Target Support Files/Pods-Recipe-CICCC-Recipe-CICCCUITests/Pods-Recipe-CICCC-Recipe-CICCCUITests.release.xcconfig"; sourceTree = "<group>"; };
		32D8E6CD05D34DE248C814F4 /* Pods-Recipe-CICCC-Recipe-CICCCUITests.debug.xcconfig */ = {isa = PBXFileReference; includeInIndex = 1; lastKnownFileType = text.xcconfig; name = "Pods-Recipe-CICCC-Recipe-CICCCUITests.debug.xcconfig"; path = "Target Support Files/Pods-Recipe-CICCC-Recipe-CICCCUITests/Pods-Recipe-CICCC-Recipe-CICCCUITests.debug.xcconfig"; sourceTree = "<group>"; };
		40127ACA23A06E3C00260AF0 /* Recipe-CICCC.app */ = {isa = PBXFileReference; explicitFileType = wrapper.application; includeInIndex = 0; path = "Recipe-CICCC.app"; sourceTree = BUILT_PRODUCTS_DIR; };
		40127ACD23A06E3C00260AF0 /* AppDelegate.swift */ = {isa = PBXFileReference; lastKnownFileType = sourcecode.swift; path = AppDelegate.swift; sourceTree = "<group>"; };
		40127ACF23A06E3C00260AF0 /* SceneDelegate.swift */ = {isa = PBXFileReference; lastKnownFileType = sourcecode.swift; path = SceneDelegate.swift; sourceTree = "<group>"; };
		40127AD123A06E3C00260AF0 /* ViewController.swift */ = {isa = PBXFileReference; lastKnownFileType = sourcecode.swift; path = ViewController.swift; sourceTree = "<group>"; };
		40127AD423A06E3C00260AF0 /* Base */ = {isa = PBXFileReference; lastKnownFileType = file.storyboard; name = Base; path = Base.lproj/Login.storyboard; sourceTree = "<group>"; };
		40127AD623A06E4600260AF0 /* Assets.xcassets */ = {isa = PBXFileReference; lastKnownFileType = folder.assetcatalog; path = Assets.xcassets; sourceTree = "<group>"; };
		40127AD923A06E4600260AF0 /* Base */ = {isa = PBXFileReference; lastKnownFileType = file.storyboard; name = Base; path = Base.lproj/LaunchScreen.storyboard; sourceTree = "<group>"; };
		40127ADB23A06E4600260AF0 /* Info.plist */ = {isa = PBXFileReference; lastKnownFileType = text.plist.xml; path = Info.plist; sourceTree = "<group>"; };
		40127AE023A06E4700260AF0 /* Recipe-CICCCTests.xctest */ = {isa = PBXFileReference; explicitFileType = wrapper.cfbundle; includeInIndex = 0; path = "Recipe-CICCCTests.xctest"; sourceTree = BUILT_PRODUCTS_DIR; };
		40127AE423A06E4700260AF0 /* Recipe_CICCCTests.swift */ = {isa = PBXFileReference; lastKnownFileType = sourcecode.swift; path = Recipe_CICCCTests.swift; sourceTree = "<group>"; };
		40127AE623A06E4700260AF0 /* Info.plist */ = {isa = PBXFileReference; lastKnownFileType = text.plist.xml; path = Info.plist; sourceTree = "<group>"; };
		40127AEB23A06E4700260AF0 /* Recipe-CICCCUITests.xctest */ = {isa = PBXFileReference; explicitFileType = wrapper.cfbundle; includeInIndex = 0; path = "Recipe-CICCCUITests.xctest"; sourceTree = BUILT_PRODUCTS_DIR; };
		40127AEF23A06E4700260AF0 /* Recipe_CICCCUITests.swift */ = {isa = PBXFileReference; lastKnownFileType = sourcecode.swift; path = Recipe_CICCCUITests.swift; sourceTree = "<group>"; };
		40127AF123A06E4700260AF0 /* Info.plist */ = {isa = PBXFileReference; lastKnownFileType = text.plist.xml; path = Info.plist; sourceTree = "<group>"; };
		40127AFD23A0719200260AF0 /* GoogleService-Info.plist */ = {isa = PBXFileReference; fileEncoding = 4; lastKnownFileType = text.plist.xml; path = "GoogleService-Info.plist"; sourceTree = "<group>"; };
		402CAC6A23D92A37004A46F1 /* searchStoresTableViewCell.swift */ = {isa = PBXFileReference; fileEncoding = 4; lastKnownFileType = sourcecode.swift; path = searchStoresTableViewCell.swift; sourceTree = "<group>"; };
		4058445523D16E5900C86B44 /* Main.storyboard */ = {isa = PBXFileReference; fileEncoding = 4; lastKnownFileType = file.storyboard; path = Main.storyboard; sourceTree = "<group>"; };
		4069254623D8346F00059C8E /* NumberTableViewCell.swift */ = {isa = PBXFileReference; fileEncoding = 4; lastKnownFileType = sourcecode.swift; path = NumberTableViewCell.swift; sourceTree = "<group>"; };
		4069254723D8346F00059C8E /* ButtonTableViewCell.swift */ = {isa = PBXFileReference; fileEncoding = 4; lastKnownFileType = sourcecode.swift; path = ButtonTableViewCell.swift; sourceTree = "<group>"; };
		4069254823D8346F00059C8E /* mainUserProfileTableViewCell.swift */ = {isa = PBXFileReference; fileEncoding = 4; lastKnownFileType = sourcecode.swift; path = mainUserProfileTableViewCell.swift; sourceTree = "<group>"; };
		4069255323D834AC00059C8E /* recipeMainTableViewCell.swift */ = {isa = PBXFileReference; fileEncoding = 4; lastKnownFileType = sourcecode.swift; path = recipeMainTableViewCell.swift; sourceTree = "<group>"; };
		4069255423D834AC00059C8E /* iconItemTableViewCell.swift */ = {isa = PBXFileReference; fileEncoding = 4; lastKnownFileType = sourcecode.swift; path = iconItemTableViewCell.swift; sourceTree = "<group>"; };
		4069255523D834AC00059C8E /* titleTableViewCell.swift */ = {isa = PBXFileReference; fileEncoding = 4; lastKnownFileType = sourcecode.swift; path = titleTableViewCell.swift; sourceTree = "<group>"; };
		4069255623D834AC00059C8E /* IngredientsTableViewCell.swift */ = {isa = PBXFileReference; fileEncoding = 4; lastKnownFileType = sourcecode.swift; path = IngredientsTableViewCell.swift; sourceTree = "<group>"; };
		4069255723D834AC00059C8E /* HowToCookTableViewCell.swift */ = {isa = PBXFileReference; fileEncoding = 4; lastKnownFileType = sourcecode.swift; path = HowToCookTableViewCell.swift; sourceTree = "<group>"; };
		4069255823D834AC00059C8E /* creatorCellRecpipeTableViewCell.swift */ = {isa = PBXFileReference; fileEncoding = 4; lastKnownFileType = sourcecode.swift; path = creatorCellRecpipeTableViewCell.swift; sourceTree = "<group>"; };
		4069256023D834C900059C8E /* RecipeItemList.swift */ = {isa = PBXFileReference; fileEncoding = 4; lastKnownFileType = sourcecode.swift; path = RecipeItemList.swift; sourceTree = "<group>"; };
		4069256123D834C900059C8E /* IngredientsList.swift */ = {isa = PBXFileReference; fileEncoding = 4; lastKnownFileType = sourcecode.swift; path = IngredientsList.swift; sourceTree = "<group>"; };
		4069256223D834C900059C8E /* RecipeItem.swift */ = {isa = PBXFileReference; fileEncoding = 4; lastKnownFileType = sourcecode.swift; path = RecipeItem.swift; sourceTree = "<group>"; };
		4069256323D834C900059C8E /* recipeListCreatorItemTableViewCell.swift */ = {isa = PBXFileReference; fileEncoding = 4; lastKnownFileType = sourcecode.swift; path = recipeListCreatorItemTableViewCell.swift; sourceTree = "<group>"; };
		4069256423D834C900059C8E /* userPageTableViewController.swift */ = {isa = PBXFileReference; fileEncoding = 4; lastKnownFileType = sourcecode.swift; path = userPageTableViewController.swift; sourceTree = "<group>"; };
		4069256523D834C900059C8E /* howToCookList.swift */ = {isa = PBXFileReference; fileEncoding = 4; lastKnownFileType = sourcecode.swift; path = howToCookList.swift; sourceTree = "<group>"; };
		4069256D23D834E000059C8E /* RefrigeratorList.swift */ = {isa = PBXFileReference; fileEncoding = 4; lastKnownFileType = sourcecode.swift; path = RefrigeratorList.swift; sourceTree = "<group>"; };
		4069256E23D834E000059C8E /* ButtonsList.swift */ = {isa = PBXFileReference; fileEncoding = 4; lastKnownFileType = sourcecode.swift; path = ButtonsList.swift; sourceTree = "<group>"; };
		4069257223D8350100059C8E /* ImagesCell.swift */ = {isa = PBXFileReference; fileEncoding = 4; lastKnownFileType = sourcecode.swift; path = ImagesCell.swift; sourceTree = "<group>"; };
		4069257323D8350100059C8E /* DiscoveryViewController.swift */ = {isa = PBXFileReference; fileEncoding = 4; lastKnownFileType = sourcecode.swift; path = DiscoveryViewController.swift; sourceTree = "<group>"; };
		4069257423D8350100059C8E /* Image.swift */ = {isa = PBXFileReference; fileEncoding = 4; lastKnownFileType = sourcecode.swift; path = Image.swift; sourceTree = "<group>"; };
		4069257523D8350100059C8E /* CollectionViewCell.swift */ = {isa = PBXFileReference; fileEncoding = 4; lastKnownFileType = sourcecode.swift; path = CollectionViewCell.swift; sourceTree = "<group>"; };
		4069257623D8350100059C8E /* SideMenuTableViewController.swift */ = {isa = PBXFileReference; fileEncoding = 4; lastKnownFileType = sourcecode.swift; path = SideMenuTableViewController.swift; sourceTree = "<group>"; };
		4069257723D8350100059C8E /* MonthlyViewController.swift */ = {isa = PBXFileReference; fileEncoding = 4; lastKnownFileType = sourcecode.swift; path = MonthlyViewController.swift; sourceTree = "<group>"; };
		4069257823D8350100059C8E /* CreatorViewController.swift */ = {isa = PBXFileReference; fileEncoding = 4; lastKnownFileType = sourcecode.swift; path = CreatorViewController.swift; sourceTree = "<group>"; };
		4069257923D8350100059C8E /* RecipeViewController.swift */ = {isa = PBXFileReference; fileEncoding = 4; lastKnownFileType = sourcecode.swift; path = RecipeViewController.swift; sourceTree = "<group>"; };
		4069258323D8351800059C8E /* ViewController.swift */ = {isa = PBXFileReference; fileEncoding = 4; lastKnownFileType = sourcecode.swift; path = ViewController.swift; sourceTree = "<group>"; };
		4069258423D8351800059C8E /* profieTableViewCell.swift */ = {isa = PBXFileReference; fileEncoding = 4; lastKnownFileType = sourcecode.swift; path = profieTableViewCell.swift; sourceTree = "<group>"; };
		4069258523D8351800059C8E /* creatorsList.swift */ = {isa = PBXFileReference; fileEncoding = 4; lastKnownFileType = sourcecode.swift; path = creatorsList.swift; sourceTree = "<group>"; };
		4069258623D8351800059C8E /* recipeItemCollectionViewController.swift */ = {isa = PBXFileReference; fileEncoding = 4; lastKnownFileType = sourcecode.swift; path = recipeItemCollectionViewController.swift; sourceTree = "<group>"; };
		4069258723D8351800059C8E /* TestCollectionViewCell.swift */ = {isa = PBXFileReference; fileEncoding = 4; lastKnownFileType = sourcecode.swift; path = TestCollectionViewCell.swift; sourceTree = "<group>"; };
		4069258823D8351800059C8E /* RecipeItemCollectionViewTableViewCell.swift */ = {isa = PBXFileReference; fileEncoding = 4; lastKnownFileType = sourcecode.swift; path = RecipeItemCollectionViewTableViewCell.swift; sourceTree = "<group>"; };
		4069258923D8351800059C8E /* creatorItem.swift */ = {isa = PBXFileReference; fileEncoding = 4; lastKnownFileType = sourcecode.swift; path = creatorItem.swift; sourceTree = "<group>"; };
		4069258A23D8351800059C8E /* recipeListCreator.swift */ = {isa = PBXFileReference; fileEncoding = 4; lastKnownFileType = sourcecode.swift; path = recipeListCreator.swift; sourceTree = "<group>"; };
		4069259423D8355200059C8E /* recipeItemTableViewController.swift */ = {isa = PBXFileReference; fileEncoding = 4; lastKnownFileType = sourcecode.swift; path = recipeItemTableViewController.swift; sourceTree = "<group>"; };
		4069259523D8355200059C8E /* RecipeItemCollectionViewCell.swift */ = {isa = PBXFileReference; fileEncoding = 4; lastKnownFileType = sourcecode.swift; path = RecipeItemCollectionViewCell.swift; sourceTree = "<group>"; };
		4069259623D8355200059C8E /* TestViewController.swift */ = {isa = PBXFileReference; fileEncoding = 4; lastKnownFileType = sourcecode.swift; path = TestViewController.swift; sourceTree = "<group>"; };
		4069259723D8355200059C8E /* TableViewController.swift */ = {isa = PBXFileReference; fileEncoding = 4; lastKnownFileType = sourcecode.swift; path = TableViewController.swift; sourceTree = "<group>"; };
		4069259823D8355200059C8E /* RecipePostedCollectionViewController.swift */ = {isa = PBXFileReference; fileEncoding = 4; lastKnownFileType = sourcecode.swift; path = RecipePostedCollectionViewController.swift; sourceTree = "<group>"; };
		408C319123C986FF00E74E4A /* shihomi.storyboard */ = {isa = PBXFileReference; fileEncoding = 4; lastKnownFileType = file.storyboard; path = shihomi.storyboard; sourceTree = "<group>"; };
		408C319523C98C1C00E74E4A /* userPage.storyboard */ = {isa = PBXFileReference; fileEncoding = 4; lastKnownFileType = file.storyboard; path = userPage.storyboard; sourceTree = "<group>"; };
		40A8051E23A07FF40094E52A /* EmailRegisterViewController.swift */ = {isa = PBXFileReference; lastKnownFileType = sourcecode.swift; path = EmailRegisterViewController.swift; sourceTree = "<group>"; };
		40A8052023A08C130094E52A /* ResetPasswordViewController.swift */ = {isa = PBXFileReference; lastKnownFileType = sourcecode.swift; path = ResetPasswordViewController.swift; sourceTree = "<group>"; };
		40BF229223D6AD920009FC69 /* LoginMainpageViewController.swift */ = {isa = PBXFileReference; lastKnownFileType = sourcecode.swift; path = LoginMainpageViewController.swift; sourceTree = "<group>"; };
		6F0FBAFC23DA3E49009C1775 /* savedRecipe.storyboard */ = {isa = PBXFileReference; fileEncoding = 4; lastKnownFileType = file.storyboard; path = savedRecipe.storyboard; sourceTree = "<group>"; };
		6F0FBAFE23DA3ED3009C1775 /* SavedRecipeCollectionViewController.swift */ = {isa = PBXFileReference; lastKnownFileType = sourcecode.swift; path = SavedRecipeCollectionViewController.swift; sourceTree = "<group>"; };
		6F0FBB0023DA3EF4009C1775 /* SavedRecipeCollectionViewCell.swift */ = {isa = PBXFileReference; lastKnownFileType = sourcecode.swift; path = SavedRecipeCollectionViewCell.swift; sourceTree = "<group>"; };
		6F0FBB0423DA491A009C1775 /* RecipeDetail.storyboard */ = {isa = PBXFileReference; fileEncoding = 4; lastKnownFileType = file.storyboard; path = RecipeDetail.storyboard; sourceTree = "<group>"; };
		6F0FBB0723DA4F47009C1775 /* NumOfCreatorhasTableViewCell.swift */ = {isa = PBXFileReference; lastKnownFileType = sourcecode.swift; name = NumOfCreatorhasTableViewCell.swift; path = "Recipe-CICCC/StoryBoard/NumOfCreatorhasTableViewCell.swift"; sourceTree = SOURCE_ROOT; };
		6F0FBB0923DA50A2009C1775 /* RefigeratorTableViewCell.swift */ = {isa = PBXFileReference; lastKnownFileType = sourcecode.swift; path = RefigeratorTableViewCell.swift; sourceTree = SOURCE_ROOT; };
		6F0FBB0B23DA5145009C1775 /* userRecipeItemTableViewCell.swift */ = {isa = PBXFileReference; lastKnownFileType = sourcecode.swift; name = userRecipeItemTableViewCell.swift; path = "Recipe-CICCC/StoryBoard/userRecipeItemTableViewCell.swift"; sourceTree = SOURCE_ROOT; };
		6F0FBB0D23DA526F009C1775 /* userRecipeItemCollectionViewCell.swift */ = {isa = PBXFileReference; lastKnownFileType = sourcecode.swift; path = userRecipeItemCollectionViewCell.swift; sourceTree = SOURCE_ROOT; };
		6F0FBB0F23DA52FC009C1775 /* explanationTableViewCell.swift */ = {isa = PBXFileReference; lastKnownFileType = sourcecode.swift; path = explanationTableViewCell.swift; sourceTree = SOURCE_ROOT; };
		6F3FF53E23DAABAD005162C7 /* Refrigerator.storyboard */ = {isa = PBXFileReference; fileEncoding = 4; lastKnownFileType = file.storyboard; path = Refrigerator.storyboard; sourceTree = "<group>"; };
		6F3FF54023DAAC7C005162C7 /* RefrigeratorTableViewController.swift */ = {isa = PBXFileReference; lastKnownFileType = sourcecode.swift; name = RefrigeratorTableViewController.swift; path = "Recipe-CICCC/ViewController/RefrigeratorTableViewController.swift"; sourceTree = SOURCE_ROOT; };
		6F3FF54623DAB62D005162C7 /* StoresMapViewController.swift */ = {isa = PBXFileReference; lastKnownFileType = sourcecode.swift; name = StoresMapViewController.swift; path = "Recipe-CICCC/ViewController/StoresMapViewController.swift"; sourceTree = SOURCE_ROOT; };
		939DE07C470F123E9499D33E /* Pods-Recipe-CICCC.debug.xcconfig */ = {isa = PBXFileReference; includeInIndex = 1; lastKnownFileType = text.xcconfig; name = "Pods-Recipe-CICCC.debug.xcconfig"; path = "Target Support Files/Pods-Recipe-CICCC/Pods-Recipe-CICCC.debug.xcconfig"; sourceTree = "<group>"; };
		A4B3B0DAE263BCAF397031CE /* Pods-Recipe-CICCCTests.debug.xcconfig */ = {isa = PBXFileReference; includeInIndex = 1; lastKnownFileType = text.xcconfig; name = "Pods-Recipe-CICCCTests.debug.xcconfig"; path = "Target Support Files/Pods-Recipe-CICCCTests/Pods-Recipe-CICCCTests.debug.xcconfig"; sourceTree = "<group>"; };
		B0AA45E6A7912FC6432A5B9C /* Pods_Recipe_CICCC_Recipe_CICCCUITests.framework */ = {isa = PBXFileReference; explicitFileType = wrapper.framework; includeInIndex = 0; path = Pods_Recipe_CICCC_Recipe_CICCCUITests.framework; sourceTree = BUILT_PRODUCTS_DIR; };
		D89B921DC6BD386DA580F255 /* Pods_Recipe_CICCC.framework */ = {isa = PBXFileReference; explicitFileType = wrapper.framework; includeInIndex = 0; path = Pods_Recipe_CICCC.framework; sourceTree = BUILT_PRODUCTS_DIR; };
		E32D65DEEA3D2064428CF46F /* Pods_Recipe_CICCCTests.framework */ = {isa = PBXFileReference; explicitFileType = wrapper.framework; includeInIndex = 0; path = Pods_Recipe_CICCCTests.framework; sourceTree = BUILT_PRODUCTS_DIR; };
/* End PBXFileReference section */

/* Begin PBXFrameworksBuildPhase section */
		40127AC723A06E3C00260AF0 /* Frameworks */ = {
			isa = PBXFrameworksBuildPhase;
			buildActionMask = 2147483647;
			files = (
				D842848E4079AD1F8EF4DF88 /* Pods_Recipe_CICCC.framework in Frameworks */,
			);
			runOnlyForDeploymentPostprocessing = 0;
		};
		40127ADD23A06E4700260AF0 /* Frameworks */ = {
			isa = PBXFrameworksBuildPhase;
			buildActionMask = 2147483647;
			files = (
				484DADF5A56D21C65AE0925A /* Pods_Recipe_CICCCTests.framework in Frameworks */,
			);
			runOnlyForDeploymentPostprocessing = 0;
		};
		40127AE823A06E4700260AF0 /* Frameworks */ = {
			isa = PBXFrameworksBuildPhase;
			buildActionMask = 2147483647;
			files = (
				B85B44E4B7712DCAEA7533E2 /* Pods_Recipe_CICCC_Recipe_CICCCUITests.framework in Frameworks */,
			);
			runOnlyForDeploymentPostprocessing = 0;
		};
/* End PBXFrameworksBuildPhase section */

/* Begin PBXGroup section */
		40127AC123A06E3C00260AF0 = {
			isa = PBXGroup;
			children = (
				40127ACC23A06E3C00260AF0 /* Recipe-CICCC */,
				40127AE323A06E4700260AF0 /* Recipe-CICCCTests */,
				40127AEE23A06E4700260AF0 /* Recipe-CICCCUITests */,
				40127ACB23A06E3C00260AF0 /* Products */,
				7EB1D06E023F549FFE87347F /* Pods */,
				D720AAFECF96A7DD4C5B0B1D /* Frameworks */,
			);
			sourceTree = "<group>";
		};
		40127ACB23A06E3C00260AF0 /* Products */ = {
			isa = PBXGroup;
			children = (
				40127ACA23A06E3C00260AF0 /* Recipe-CICCC.app */,
				40127AE023A06E4700260AF0 /* Recipe-CICCCTests.xctest */,
				40127AEB23A06E4700260AF0 /* Recipe-CICCCUITests.xctest */,
			);
			name = Products;
			sourceTree = "<group>";
		};
		40127ACC23A06E3C00260AF0 /* Recipe-CICCC */ = {
			isa = PBXGroup;
			children = (
				402CAC6923D92A37004A46F1 /* CellForRefgenerator */,
				4069259323D8355200059C8E /* ViewController */,
				4069258223D8351800059C8E /* TableView */,
				4069257123D8350100059C8E /* Controller */,
				4069256C23D834E000059C8E /* ListForUserPage */,
				4069255F23D834C900059C8E /* ListForRecipePage */,
				4069255223D834AC00059C8E /* CellForRecipePage */,
				4069254523D8346F00059C8E /* CellForUserProfile */,
				40A8051D23A078FA0094E52A /* LoginPart */,
				40127ACD23A06E3C00260AF0 /* AppDelegate.swift */,
				40127ACF23A06E3C00260AF0 /* SceneDelegate.swift */,
				40127AD123A06E3C00260AF0 /* ViewController.swift */,
				6F0FBB0623DA4B94009C1775 /* StoryBoard */,
				6F0FBB0023DA3EF4009C1775 /* SavedRecipeCollectionViewCell.swift */,
				40127AD623A06E4600260AF0 /* Assets.xcassets */,
				40127AD823A06E4600260AF0 /* LaunchScreen.storyboard */,
				40127AFD23A0719200260AF0 /* GoogleService-Info.plist */,
				40127ADB23A06E4600260AF0 /* Info.plist */,
			);
			path = "Recipe-CICCC";
			sourceTree = "<group>";
		};
		40127AE323A06E4700260AF0 /* Recipe-CICCCTests */ = {
			isa = PBXGroup;
			children = (
				40127AE423A06E4700260AF0 /* Recipe_CICCCTests.swift */,
				40127AE623A06E4700260AF0 /* Info.plist */,
			);
			path = "Recipe-CICCCTests";
			sourceTree = "<group>";
		};
		40127AEE23A06E4700260AF0 /* Recipe-CICCCUITests */ = {
			isa = PBXGroup;
			children = (
				40127AEF23A06E4700260AF0 /* Recipe_CICCCUITests.swift */,
				40127AF123A06E4700260AF0 /* Info.plist */,
			);
			path = "Recipe-CICCCUITests";
			sourceTree = "<group>";
		};
		402CAC6923D92A37004A46F1 /* CellForRefgenerator */ = {
			isa = PBXGroup;
			children = (
				4069256D23D834E000059C8E /* RefrigeratorList.swift */,
				6F0FBB0923DA50A2009C1775 /* RefigeratorTableViewCell.swift */,
				402CAC6A23D92A37004A46F1 /* searchStoresTableViewCell.swift */,
			);
			path = CellForRefgenerator;
			sourceTree = "<group>";
		};
		4069254523D8346F00059C8E /* CellForUserProfile */ = {
			isa = PBXGroup;
			children = (
				6F0FBB0F23DA52FC009C1775 /* explanationTableViewCell.swift */,
				6F0FBB0D23DA526F009C1775 /* userRecipeItemCollectionViewCell.swift */,
				6F0FBB0B23DA5145009C1775 /* userRecipeItemTableViewCell.swift */,
				6F0FBB0723DA4F47009C1775 /* NumOfCreatorhasTableViewCell.swift */,
				4069254623D8346F00059C8E /* NumberTableViewCell.swift */,
				4069254723D8346F00059C8E /* ButtonTableViewCell.swift */,
				4069254823D8346F00059C8E /* mainUserProfileTableViewCell.swift */,
			);
			path = CellForUserProfile;
			sourceTree = "<group>";
		};
		4069255223D834AC00059C8E /* CellForRecipePage */ = {
			isa = PBXGroup;
			children = (
				4069255323D834AC00059C8E /* recipeMainTableViewCell.swift */,
				4069255423D834AC00059C8E /* iconItemTableViewCell.swift */,
				4069255523D834AC00059C8E /* titleTableViewCell.swift */,
				4069255623D834AC00059C8E /* IngredientsTableViewCell.swift */,
				4069255723D834AC00059C8E /* HowToCookTableViewCell.swift */,
				4069255823D834AC00059C8E /* creatorCellRecpipeTableViewCell.swift */,
			);
			path = CellForRecipePage;
			sourceTree = "<group>";
		};
		4069255F23D834C900059C8E /* ListForRecipePage */ = {
			isa = PBXGroup;
			children = (
				4069256023D834C900059C8E /* RecipeItemList.swift */,
				4069256123D834C900059C8E /* IngredientsList.swift */,
				4069256223D834C900059C8E /* RecipeItem.swift */,
				4069256323D834C900059C8E /* recipeListCreatorItemTableViewCell.swift */,
				4069256423D834C900059C8E /* userPageTableViewController.swift */,
				4069256523D834C900059C8E /* howToCookList.swift */,
			);
			path = ListForRecipePage;
			sourceTree = "<group>";
		};
		4069256C23D834E000059C8E /* ListForUserPage */ = {
			isa = PBXGroup;
			children = (
				4069256E23D834E000059C8E /* ButtonsList.swift */,
			);
			path = ListForUserPage;
			sourceTree = "<group>";
		};
		4069257123D8350100059C8E /* Controller */ = {
			isa = PBXGroup;
			children = (
				4069257223D8350100059C8E /* ImagesCell.swift */,
				4069257323D8350100059C8E /* DiscoveryViewController.swift */,
				4069257423D8350100059C8E /* Image.swift */,
				4069257523D8350100059C8E /* CollectionViewCell.swift */,
				4069257623D8350100059C8E /* SideMenuTableViewController.swift */,
				4069257723D8350100059C8E /* MonthlyViewController.swift */,
				4069257823D8350100059C8E /* CreatorViewController.swift */,
				4069257923D8350100059C8E /* RecipeViewController.swift */,
			);
			path = Controller;
			sourceTree = "<group>";
		};
		4069258223D8351800059C8E /* TableView */ = {
			isa = PBXGroup;
			children = (
				4069258323D8351800059C8E /* ViewController.swift */,
				4069258423D8351800059C8E /* profieTableViewCell.swift */,
				4069258523D8351800059C8E /* creatorsList.swift */,
				4069258623D8351800059C8E /* recipeItemCollectionViewController.swift */,
				4069258723D8351800059C8E /* TestCollectionViewCell.swift */,
				4069258823D8351800059C8E /* RecipeItemCollectionViewTableViewCell.swift */,
				4069258923D8351800059C8E /* creatorItem.swift */,
				4069258A23D8351800059C8E /* recipeListCreator.swift */,
			);
			path = TableView;
			sourceTree = "<group>";
		};
		4069259323D8355200059C8E /* ViewController */ = {
			isa = PBXGroup;
			children = (
				6F3FF54623DAB62D005162C7 /* StoresMapViewController.swift */,
				6F3FF54023DAAC7C005162C7 /* RefrigeratorTableViewController.swift */,
				6F0FBAFE23DA3ED3009C1775 /* SavedRecipeCollectionViewController.swift */,
				4069259423D8355200059C8E /* recipeItemTableViewController.swift */,
				4069259523D8355200059C8E /* RecipeItemCollectionViewCell.swift */,
				4069259623D8355200059C8E /* TestViewController.swift */,
				4069259723D8355200059C8E /* TableViewController.swift */,
				4069259823D8355200059C8E /* RecipePostedCollectionViewController.swift */,
			);
			path = ViewController;
			sourceTree = "<group>";
		};
		40A8051D23A078FA0094E52A /* LoginPart */ = {
			isa = PBXGroup;
			children = (
				40A8051E23A07FF40094E52A /* EmailRegisterViewController.swift */,
				40A8052023A08C130094E52A /* ResetPasswordViewController.swift */,
				40BF229223D6AD920009FC69 /* LoginMainpageViewController.swift */,
			);
			path = LoginPart;
			sourceTree = "<group>";
		};
		6F0FBB0623DA4B94009C1775 /* StoryBoard */ = {
			isa = PBXGroup;
			children = (
				4058445523D16E5900C86B44 /* Main.storyboard */,
				408C319523C98C1C00E74E4A /* userPage.storyboard */,
				6F3FF53E23DAABAD005162C7 /* Refrigerator.storyboard */,
				40127AD323A06E3C00260AF0 /* Login.storyboard */,
				408C319123C986FF00E74E4A /* shihomi.storyboard */,
				6F0FBB0423DA491A009C1775 /* RecipeDetail.storyboard */,
				6F0FBAFC23DA3E49009C1775 /* savedRecipe.storyboard */,
			);
			path = StoryBoard;
			sourceTree = "<group>";
		};
		7EB1D06E023F549FFE87347F /* Pods */ = {
			isa = PBXGroup;
			children = (
				939DE07C470F123E9499D33E /* Pods-Recipe-CICCC.debug.xcconfig */,
				0A68970065BD7EB4CE3E307C /* Pods-Recipe-CICCC.release.xcconfig */,
				32D8E6CD05D34DE248C814F4 /* Pods-Recipe-CICCC-Recipe-CICCCUITests.debug.xcconfig */,
				1FB68862972AF3D3836E2626 /* Pods-Recipe-CICCC-Recipe-CICCCUITests.release.xcconfig */,
				A4B3B0DAE263BCAF397031CE /* Pods-Recipe-CICCCTests.debug.xcconfig */,
				02494DD702BE27D7F9C693EC /* Pods-Recipe-CICCCTests.release.xcconfig */,
			);
			path = Pods;
			sourceTree = "<group>";
		};
		D720AAFECF96A7DD4C5B0B1D /* Frameworks */ = {
			isa = PBXGroup;
			children = (
				D89B921DC6BD386DA580F255 /* Pods_Recipe_CICCC.framework */,
				B0AA45E6A7912FC6432A5B9C /* Pods_Recipe_CICCC_Recipe_CICCCUITests.framework */,
				E32D65DEEA3D2064428CF46F /* Pods_Recipe_CICCCTests.framework */,
			);
			name = Frameworks;
			sourceTree = "<group>";
		};
/* End PBXGroup section */

/* Begin PBXNativeTarget section */
		40127AC923A06E3C00260AF0 /* Recipe-CICCC */ = {
			isa = PBXNativeTarget;
			buildConfigurationList = 40127AF423A06E4700260AF0 /* Build configuration list for PBXNativeTarget "Recipe-CICCC" */;
			buildPhases = (
				1CDAC3A0F06C896F24AD2FA4 /* [CP] Check Pods Manifest.lock */,
				40127AC623A06E3C00260AF0 /* Sources */,
				40127AC723A06E3C00260AF0 /* Frameworks */,
				40127AC823A06E3C00260AF0 /* Resources */,
				F846AB9BAC2C2CC04E68B52A /* [CP] Embed Pods Frameworks */,
				A2A997F97DC564311E949389 /* [CP] Copy Pods Resources */,
			);
			buildRules = (
			);
			dependencies = (
			);
			name = "Recipe-CICCC";
			productName = "Recipe-CICCC";
			productReference = 40127ACA23A06E3C00260AF0 /* Recipe-CICCC.app */;
			productType = "com.apple.product-type.application";
		};
		40127ADF23A06E4700260AF0 /* Recipe-CICCCTests */ = {
			isa = PBXNativeTarget;
			buildConfigurationList = 40127AF723A06E4700260AF0 /* Build configuration list for PBXNativeTarget "Recipe-CICCCTests" */;
			buildPhases = (
				8F414096B63FDB0ADDDDB93E /* [CP] Check Pods Manifest.lock */,
				40127ADC23A06E4700260AF0 /* Sources */,
				40127ADD23A06E4700260AF0 /* Frameworks */,
				40127ADE23A06E4700260AF0 /* Resources */,
			);
			buildRules = (
			);
			dependencies = (
				40127AE223A06E4700260AF0 /* PBXTargetDependency */,
			);
			name = "Recipe-CICCCTests";
			productName = "Recipe-CICCCTests";
			productReference = 40127AE023A06E4700260AF0 /* Recipe-CICCCTests.xctest */;
			productType = "com.apple.product-type.bundle.unit-test";
		};
		40127AEA23A06E4700260AF0 /* Recipe-CICCCUITests */ = {
			isa = PBXNativeTarget;
			buildConfigurationList = 40127AFA23A06E4700260AF0 /* Build configuration list for PBXNativeTarget "Recipe-CICCCUITests" */;
			buildPhases = (
				6E3A42C2FA78AE882F0D45B1 /* [CP] Check Pods Manifest.lock */,
				40127AE723A06E4700260AF0 /* Sources */,
				40127AE823A06E4700260AF0 /* Frameworks */,
				40127AE923A06E4700260AF0 /* Resources */,
				A83A9C1EE870F241A6EDE305 /* [CP] Embed Pods Frameworks */,
				CB7CC069EE4A6BC6258C85AF /* [CP] Copy Pods Resources */,
			);
			buildRules = (
			);
			dependencies = (
				40127AED23A06E4700260AF0 /* PBXTargetDependency */,
			);
			name = "Recipe-CICCCUITests";
			productName = "Recipe-CICCCUITests";
			productReference = 40127AEB23A06E4700260AF0 /* Recipe-CICCCUITests.xctest */;
			productType = "com.apple.product-type.bundle.ui-testing";
		};
/* End PBXNativeTarget section */

/* Begin PBXProject section */
		40127AC223A06E3C00260AF0 /* Project object */ = {
			isa = PBXProject;
			attributes = {
				LastSwiftUpdateCheck = 1130;
				LastUpgradeCheck = 1130;
				ORGANIZATIONNAME = "Argus Chen";
				TargetAttributes = {
					40127AC923A06E3C00260AF0 = {
						CreatedOnToolsVersion = 11.3;
					};
					40127ADF23A06E4700260AF0 = {
						CreatedOnToolsVersion = 11.3;
						TestTargetID = 40127AC923A06E3C00260AF0;
					};
					40127AEA23A06E4700260AF0 = {
						CreatedOnToolsVersion = 11.3;
						TestTargetID = 40127AC923A06E3C00260AF0;
					};
				};
			};
			buildConfigurationList = 40127AC523A06E3C00260AF0 /* Build configuration list for PBXProject "Recipe-CICCC" */;
			compatibilityVersion = "Xcode 9.3";
			developmentRegion = en;
			hasScannedForEncodings = 0;
			knownRegions = (
				en,
				Base,
			);
			mainGroup = 40127AC123A06E3C00260AF0;
			productRefGroup = 40127ACB23A06E3C00260AF0 /* Products */;
			projectDirPath = "";
			projectRoot = "";
			targets = (
				40127AC923A06E3C00260AF0 /* Recipe-CICCC */,
				40127ADF23A06E4700260AF0 /* Recipe-CICCCTests */,
				40127AEA23A06E4700260AF0 /* Recipe-CICCCUITests */,
			);
		};
/* End PBXProject section */

/* Begin PBXResourcesBuildPhase section */
		40127AC823A06E3C00260AF0 /* Resources */ = {
			isa = PBXResourcesBuildPhase;
			buildActionMask = 2147483647;
			files = (
				6F3FF53F23DAABAD005162C7 /* Refrigerator.storyboard in Resources */,
				6F0FBAFD23DA3E49009C1775 /* savedRecipe.storyboard in Resources */,
				40127ADA23A06E4600260AF0 /* LaunchScreen.storyboard in Resources */,
				408C319223C986FF00E74E4A /* shihomi.storyboard in Resources */,
				4058445623D16E5900C86B44 /* Main.storyboard in Resources */,
				40127AFE23A0719200260AF0 /* GoogleService-Info.plist in Resources */,
				40127AD723A06E4600260AF0 /* Assets.xcassets in Resources */,
				408C319D23C98C1E00E74E4A /* userPage.storyboard in Resources */,
				6F0FBB0523DA491A009C1775 /* RecipeDetail.storyboard in Resources */,
				40127AD523A06E3C00260AF0 /* Login.storyboard in Resources */,
			);
			runOnlyForDeploymentPostprocessing = 0;
		};
		40127ADE23A06E4700260AF0 /* Resources */ = {
			isa = PBXResourcesBuildPhase;
			buildActionMask = 2147483647;
			files = (
			);
			runOnlyForDeploymentPostprocessing = 0;
		};
		40127AE923A06E4700260AF0 /* Resources */ = {
			isa = PBXResourcesBuildPhase;
			buildActionMask = 2147483647;
			files = (
			);
			runOnlyForDeploymentPostprocessing = 0;
		};
/* End PBXResourcesBuildPhase section */

/* Begin PBXShellScriptBuildPhase section */
		1CDAC3A0F06C896F24AD2FA4 /* [CP] Check Pods Manifest.lock */ = {
			isa = PBXShellScriptBuildPhase;
			buildActionMask = 2147483647;
			files = (
			);
			inputFileListPaths = (
			);
			inputPaths = (
				"${PODS_PODFILE_DIR_PATH}/Podfile.lock",
				"${PODS_ROOT}/Manifest.lock",
			);
			name = "[CP] Check Pods Manifest.lock";
			outputFileListPaths = (
			);
			outputPaths = (
				"$(DERIVED_FILE_DIR)/Pods-Recipe-CICCC-checkManifestLockResult.txt",
			);
			runOnlyForDeploymentPostprocessing = 0;
			shellPath = /bin/sh;
			shellScript = "diff \"${PODS_PODFILE_DIR_PATH}/Podfile.lock\" \"${PODS_ROOT}/Manifest.lock\" > /dev/null\nif [ $? != 0 ] ; then\n    # print error to STDERR\n    echo \"error: The sandbox is not in sync with the Podfile.lock. Run 'pod install' or update your CocoaPods installation.\" >&2\n    exit 1\nfi\n# This output is used by Xcode 'outputs' to avoid re-running this script phase.\necho \"SUCCESS\" > \"${SCRIPT_OUTPUT_FILE_0}\"\n";
			showEnvVarsInLog = 0;
		};
		6E3A42C2FA78AE882F0D45B1 /* [CP] Check Pods Manifest.lock */ = {
			isa = PBXShellScriptBuildPhase;
			buildActionMask = 2147483647;
			files = (
			);
			inputFileListPaths = (
			);
			inputPaths = (
				"${PODS_PODFILE_DIR_PATH}/Podfile.lock",
				"${PODS_ROOT}/Manifest.lock",
			);
			name = "[CP] Check Pods Manifest.lock";
			outputFileListPaths = (
			);
			outputPaths = (
				"$(DERIVED_FILE_DIR)/Pods-Recipe-CICCC-Recipe-CICCCUITests-checkManifestLockResult.txt",
			);
			runOnlyForDeploymentPostprocessing = 0;
			shellPath = /bin/sh;
			shellScript = "diff \"${PODS_PODFILE_DIR_PATH}/Podfile.lock\" \"${PODS_ROOT}/Manifest.lock\" > /dev/null\nif [ $? != 0 ] ; then\n    # print error to STDERR\n    echo \"error: The sandbox is not in sync with the Podfile.lock. Run 'pod install' or update your CocoaPods installation.\" >&2\n    exit 1\nfi\n# This output is used by Xcode 'outputs' to avoid re-running this script phase.\necho \"SUCCESS\" > \"${SCRIPT_OUTPUT_FILE_0}\"\n";
			showEnvVarsInLog = 0;
		};
		8F414096B63FDB0ADDDDB93E /* [CP] Check Pods Manifest.lock */ = {
			isa = PBXShellScriptBuildPhase;
			buildActionMask = 2147483647;
			files = (
			);
			inputFileListPaths = (
			);
			inputPaths = (
				"${PODS_PODFILE_DIR_PATH}/Podfile.lock",
				"${PODS_ROOT}/Manifest.lock",
			);
			name = "[CP] Check Pods Manifest.lock";
			outputFileListPaths = (
			);
			outputPaths = (
				"$(DERIVED_FILE_DIR)/Pods-Recipe-CICCCTests-checkManifestLockResult.txt",
			);
			runOnlyForDeploymentPostprocessing = 0;
			shellPath = /bin/sh;
			shellScript = "diff \"${PODS_PODFILE_DIR_PATH}/Podfile.lock\" \"${PODS_ROOT}/Manifest.lock\" > /dev/null\nif [ $? != 0 ] ; then\n    # print error to STDERR\n    echo \"error: The sandbox is not in sync with the Podfile.lock. Run 'pod install' or update your CocoaPods installation.\" >&2\n    exit 1\nfi\n# This output is used by Xcode 'outputs' to avoid re-running this script phase.\necho \"SUCCESS\" > \"${SCRIPT_OUTPUT_FILE_0}\"\n";
			showEnvVarsInLog = 0;
		};
		A2A997F97DC564311E949389 /* [CP] Copy Pods Resources */ = {
			isa = PBXShellScriptBuildPhase;
			buildActionMask = 2147483647;
			files = (
			);
			inputFileListPaths = (
				"${PODS_ROOT}/Target Support Files/Pods-Recipe-CICCC/Pods-Recipe-CICCC-resources-${CONFIGURATION}-input-files.xcfilelist",
			);
			name = "[CP] Copy Pods Resources";
			outputFileListPaths = (
				"${PODS_ROOT}/Target Support Files/Pods-Recipe-CICCC/Pods-Recipe-CICCC-resources-${CONFIGURATION}-output-files.xcfilelist",
			);
			runOnlyForDeploymentPostprocessing = 0;
			shellPath = /bin/sh;
			shellScript = "\"${PODS_ROOT}/Target Support Files/Pods-Recipe-CICCC/Pods-Recipe-CICCC-resources.sh\"\n";
			showEnvVarsInLog = 0;
		};
		A83A9C1EE870F241A6EDE305 /* [CP] Embed Pods Frameworks */ = {
			isa = PBXShellScriptBuildPhase;
			buildActionMask = 2147483647;
			files = (
			);
			inputFileListPaths = (
				"${PODS_ROOT}/Target Support Files/Pods-Recipe-CICCC-Recipe-CICCCUITests/Pods-Recipe-CICCC-Recipe-CICCCUITests-frameworks-${CONFIGURATION}-input-files.xcfilelist",
			);
			name = "[CP] Embed Pods Frameworks";
			outputFileListPaths = (
				"${PODS_ROOT}/Target Support Files/Pods-Recipe-CICCC-Recipe-CICCCUITests/Pods-Recipe-CICCC-Recipe-CICCCUITests-frameworks-${CONFIGURATION}-output-files.xcfilelist",
			);
			runOnlyForDeploymentPostprocessing = 0;
			shellPath = /bin/sh;
			shellScript = "\"${PODS_ROOT}/Target Support Files/Pods-Recipe-CICCC-Recipe-CICCCUITests/Pods-Recipe-CICCC-Recipe-CICCCUITests-frameworks.sh\"\n";
			showEnvVarsInLog = 0;
		};
		CB7CC069EE4A6BC6258C85AF /* [CP] Copy Pods Resources */ = {
			isa = PBXShellScriptBuildPhase;
			buildActionMask = 2147483647;
			files = (
			);
			inputFileListPaths = (
				"${PODS_ROOT}/Target Support Files/Pods-Recipe-CICCC-Recipe-CICCCUITests/Pods-Recipe-CICCC-Recipe-CICCCUITests-resources-${CONFIGURATION}-input-files.xcfilelist",
			);
			name = "[CP] Copy Pods Resources";
			outputFileListPaths = (
				"${PODS_ROOT}/Target Support Files/Pods-Recipe-CICCC-Recipe-CICCCUITests/Pods-Recipe-CICCC-Recipe-CICCCUITests-resources-${CONFIGURATION}-output-files.xcfilelist",
			);
			runOnlyForDeploymentPostprocessing = 0;
			shellPath = /bin/sh;
			shellScript = "\"${PODS_ROOT}/Target Support Files/Pods-Recipe-CICCC-Recipe-CICCCUITests/Pods-Recipe-CICCC-Recipe-CICCCUITests-resources.sh\"\n";
			showEnvVarsInLog = 0;
		};
		F846AB9BAC2C2CC04E68B52A /* [CP] Embed Pods Frameworks */ = {
			isa = PBXShellScriptBuildPhase;
			buildActionMask = 2147483647;
			files = (
			);
			inputFileListPaths = (
				"${PODS_ROOT}/Target Support Files/Pods-Recipe-CICCC/Pods-Recipe-CICCC-frameworks-${CONFIGURATION}-input-files.xcfilelist",
			);
			name = "[CP] Embed Pods Frameworks";
			outputFileListPaths = (
				"${PODS_ROOT}/Target Support Files/Pods-Recipe-CICCC/Pods-Recipe-CICCC-frameworks-${CONFIGURATION}-output-files.xcfilelist",
			);
			runOnlyForDeploymentPostprocessing = 0;
			shellPath = /bin/sh;
			shellScript = "\"${PODS_ROOT}/Target Support Files/Pods-Recipe-CICCC/Pods-Recipe-CICCC-frameworks.sh\"\n";
			showEnvVarsInLog = 0;
		};
/* End PBXShellScriptBuildPhase section */

/* Begin PBXSourcesBuildPhase section */
		40127AC623A06E3C00260AF0 /* Sources */ = {
			isa = PBXSourcesBuildPhase;
			buildActionMask = 2147483647;
			files = (
				6F3FF54523DAB0F0005162C7 /* RefrigeratorList.swift in Sources */,
				6F3FF54423DAADF5005162C7 /* RecipeItemList.swift in Sources */,
				6F0FBB0323DA4048009C1775 /* ViewController.swift in Sources */,
				4069257C23D8350100059C8E /* Image.swift in Sources */,
				4069256B23D834C900059C8E /* howToCookList.swift in Sources */,
				4069256923D834C900059C8E /* recipeListCreatorItemTableViewCell.swift in Sources */,
				4069259923D8355200059C8E /* recipeItemTableViewController.swift in Sources */,
				4069255C23D834AC00059C8E /* IngredientsTableViewCell.swift in Sources */,
				4069259B23D8355200059C8E /* TestViewController.swift in Sources */,
				4069259D23D8355200059C8E /* RecipePostedCollectionViewController.swift in Sources */,
				6F0FBB0C23DA5145009C1775 /* userRecipeItemTableViewCell.swift in Sources */,
				4069258C23D8351800059C8E /* profieTableViewCell.swift in Sources */,
				6F0FBAFF23DA3ED3009C1775 /* SavedRecipeCollectionViewController.swift in Sources */,
				4069255923D834AC00059C8E /* recipeMainTableViewCell.swift in Sources */,
				4069258D23D8351800059C8E /* creatorsList.swift in Sources */,
				4069258E23D8351800059C8E /* recipeItemCollectionViewController.swift in Sources */,
				40A8051F23A07FF40094E52A /* EmailRegisterViewController.swift in Sources */,
				4069255B23D834AC00059C8E /* titleTableViewCell.swift in Sources */,
				40BF229323D6AD920009FC69 /* LoginMainpageViewController.swift in Sources */,
				6F0FBB0823DA4F47009C1775 /* NumOfCreatorhasTableViewCell.swift in Sources */,
				4069257D23D8350100059C8E /* CollectionViewCell.swift in Sources */,
				4069259223D8351800059C8E /* recipeListCreator.swift in Sources */,
				4069256723D834C900059C8E /* IngredientsList.swift in Sources */,
				6F3FF54723DAB62D005162C7 /* StoresMapViewController.swift in Sources */,
				4069258123D8350100059C8E /* RecipeViewController.swift in Sources */,
				4069255A23D834AC00059C8E /* iconItemTableViewCell.swift in Sources */,
				4069257A23D8350100059C8E /* ImagesCell.swift in Sources */,
				4069255D23D834AC00059C8E /* HowToCookTableViewCell.swift in Sources */,
				4069256A23D834C900059C8E /* userPageTableViewController.swift in Sources */,
				402CAC6B23D92A37004A46F1 /* searchStoresTableViewCell.swift in Sources */,
				4069254A23D8346F00059C8E /* ButtonTableViewCell.swift in Sources */,
				4069257F23D8350100059C8E /* MonthlyViewController.swift in Sources */,
				40A8052123A08C130094E52A /* ResetPasswordViewController.swift in Sources */,
				6F0FBB0E23DA526F009C1775 /* userRecipeItemCollectionViewCell.swift in Sources */,
				4069259A23D8355200059C8E /* RecipeItemCollectionViewCell.swift in Sources */,
				4069258023D8350100059C8E /* CreatorViewController.swift in Sources */,
				4069258F23D8351800059C8E /* TestCollectionViewCell.swift in Sources */,
				4069255E23D834AC00059C8E /* creatorCellRecpipeTableViewCell.swift in Sources */,
				40127ACE23A06E3C00260AF0 /* AppDelegate.swift in Sources */,
				6F0FBB0123DA3EF4009C1775 /* SavedRecipeCollectionViewCell.swift in Sources */,
				6F3FF54123DAAC7C005162C7 /* RefrigeratorTableViewController.swift in Sources */,
				4069257E23D8350100059C8E /* SideMenuTableViewController.swift in Sources */,
				6F0FBB0A23DA50A2009C1775 /* RefigeratorTableViewCell.swift in Sources */,
				6F0FBB1023DA52FC009C1775 /* explanationTableViewCell.swift in Sources */,
				4069259023D8351800059C8E /* RecipeItemCollectionViewTableViewCell.swift in Sources */,
				40127AD023A06E3C00260AF0 /* SceneDelegate.swift in Sources */,
				4069254B23D8346F00059C8E /* mainUserProfileTableViewCell.swift in Sources */,
				4069254923D8346F00059C8E /* NumberTableViewCell.swift in Sources */,
				4069259C23D8355200059C8E /* TableViewController.swift in Sources */,
				4069259123D8351800059C8E /* creatorItem.swift in Sources */,
				4069257B23D8350100059C8E /* DiscoveryViewController.swift in Sources */,
				4069256823D834C900059C8E /* RecipeItem.swift in Sources */,
				4069257023D834E000059C8E /* ButtonsList.swift in Sources */,
			);
			runOnlyForDeploymentPostprocessing = 0;
		};
		40127ADC23A06E4700260AF0 /* Sources */ = {
			isa = PBXSourcesBuildPhase;
			buildActionMask = 2147483647;
			files = (
				40127AE523A06E4700260AF0 /* Recipe_CICCCTests.swift in Sources */,
			);
			runOnlyForDeploymentPostprocessing = 0;
		};
		40127AE723A06E4700260AF0 /* Sources */ = {
			isa = PBXSourcesBuildPhase;
			buildActionMask = 2147483647;
			files = (
				40127AF023A06E4700260AF0 /* Recipe_CICCCUITests.swift in Sources */,
			);
			runOnlyForDeploymentPostprocessing = 0;
		};
/* End PBXSourcesBuildPhase section */

/* Begin PBXTargetDependency section */
		40127AE223A06E4700260AF0 /* PBXTargetDependency */ = {
			isa = PBXTargetDependency;
			target = 40127AC923A06E3C00260AF0 /* Recipe-CICCC */;
			targetProxy = 40127AE123A06E4700260AF0 /* PBXContainerItemProxy */;
		};
		40127AED23A06E4700260AF0 /* PBXTargetDependency */ = {
			isa = PBXTargetDependency;
			target = 40127AC923A06E3C00260AF0 /* Recipe-CICCC */;
			targetProxy = 40127AEC23A06E4700260AF0 /* PBXContainerItemProxy */;
		};
/* End PBXTargetDependency section */

/* Begin PBXVariantGroup section */
		40127AD323A06E3C00260AF0 /* Login.storyboard */ = {
			isa = PBXVariantGroup;
			children = (
				40127AD423A06E3C00260AF0 /* Base */,
			);
			name = Login.storyboard;
			sourceTree = "<group>";
		};
		40127AD823A06E4600260AF0 /* LaunchScreen.storyboard */ = {
			isa = PBXVariantGroup;
			children = (
				40127AD923A06E4600260AF0 /* Base */,
			);
			name = LaunchScreen.storyboard;
			sourceTree = "<group>";
		};
/* End PBXVariantGroup section */

/* Begin XCBuildConfiguration section */
		40127AF223A06E4700260AF0 /* Debug */ = {
			isa = XCBuildConfiguration;
			buildSettings = {
				ALWAYS_SEARCH_USER_PATHS = NO;
				CLANG_ANALYZER_NONNULL = YES;
				CLANG_ANALYZER_NUMBER_OBJECT_CONVERSION = YES_AGGRESSIVE;
				CLANG_CXX_LANGUAGE_STANDARD = "gnu++14";
				CLANG_CXX_LIBRARY = "libc++";
				CLANG_ENABLE_MODULES = YES;
				CLANG_ENABLE_OBJC_ARC = YES;
				CLANG_ENABLE_OBJC_WEAK = YES;
				CLANG_WARN_BLOCK_CAPTURE_AUTORELEASING = YES;
				CLANG_WARN_BOOL_CONVERSION = YES;
				CLANG_WARN_COMMA = YES;
				CLANG_WARN_CONSTANT_CONVERSION = YES;
				CLANG_WARN_DEPRECATED_OBJC_IMPLEMENTATIONS = YES;
				CLANG_WARN_DIRECT_OBJC_ISA_USAGE = YES_ERROR;
				CLANG_WARN_DOCUMENTATION_COMMENTS = YES;
				CLANG_WARN_EMPTY_BODY = YES;
				CLANG_WARN_ENUM_CONVERSION = YES;
				CLANG_WARN_INFINITE_RECURSION = YES;
				CLANG_WARN_INT_CONVERSION = YES;
				CLANG_WARN_NON_LITERAL_NULL_CONVERSION = YES;
				CLANG_WARN_OBJC_IMPLICIT_RETAIN_SELF = YES;
				CLANG_WARN_OBJC_LITERAL_CONVERSION = YES;
				CLANG_WARN_OBJC_ROOT_CLASS = YES_ERROR;
				CLANG_WARN_RANGE_LOOP_ANALYSIS = YES;
				CLANG_WARN_STRICT_PROTOTYPES = YES;
				CLANG_WARN_SUSPICIOUS_MOVE = YES;
				CLANG_WARN_UNGUARDED_AVAILABILITY = YES_AGGRESSIVE;
				CLANG_WARN_UNREACHABLE_CODE = YES;
				CLANG_WARN__DUPLICATE_METHOD_MATCH = YES;
				COPY_PHASE_STRIP = NO;
				DEBUG_INFORMATION_FORMAT = dwarf;
				ENABLE_STRICT_OBJC_MSGSEND = YES;
				ENABLE_TESTABILITY = YES;
				GCC_C_LANGUAGE_STANDARD = gnu11;
				GCC_DYNAMIC_NO_PIC = NO;
				GCC_NO_COMMON_BLOCKS = YES;
				GCC_OPTIMIZATION_LEVEL = 0;
				GCC_PREPROCESSOR_DEFINITIONS = (
					"DEBUG=1",
					"$(inherited)",
				);
				GCC_WARN_64_TO_32_BIT_CONVERSION = YES;
				GCC_WARN_ABOUT_RETURN_TYPE = YES_ERROR;
				GCC_WARN_UNDECLARED_SELECTOR = YES;
				GCC_WARN_UNINITIALIZED_AUTOS = YES_AGGRESSIVE;
				GCC_WARN_UNUSED_FUNCTION = YES;
				GCC_WARN_UNUSED_VARIABLE = YES;
				IPHONEOS_DEPLOYMENT_TARGET = 13.2;
				MTL_ENABLE_DEBUG_INFO = INCLUDE_SOURCE;
				MTL_FAST_MATH = YES;
				ONLY_ACTIVE_ARCH = YES;
				SDKROOT = iphoneos;
				SWIFT_ACTIVE_COMPILATION_CONDITIONS = DEBUG;
				SWIFT_OPTIMIZATION_LEVEL = "-Onone";
			};
			name = Debug;
		};
		40127AF323A06E4700260AF0 /* Release */ = {
			isa = XCBuildConfiguration;
			buildSettings = {
				ALWAYS_SEARCH_USER_PATHS = NO;
				CLANG_ANALYZER_NONNULL = YES;
				CLANG_ANALYZER_NUMBER_OBJECT_CONVERSION = YES_AGGRESSIVE;
				CLANG_CXX_LANGUAGE_STANDARD = "gnu++14";
				CLANG_CXX_LIBRARY = "libc++";
				CLANG_ENABLE_MODULES = YES;
				CLANG_ENABLE_OBJC_ARC = YES;
				CLANG_ENABLE_OBJC_WEAK = YES;
				CLANG_WARN_BLOCK_CAPTURE_AUTORELEASING = YES;
				CLANG_WARN_BOOL_CONVERSION = YES;
				CLANG_WARN_COMMA = YES;
				CLANG_WARN_CONSTANT_CONVERSION = YES;
				CLANG_WARN_DEPRECATED_OBJC_IMPLEMENTATIONS = YES;
				CLANG_WARN_DIRECT_OBJC_ISA_USAGE = YES_ERROR;
				CLANG_WARN_DOCUMENTATION_COMMENTS = YES;
				CLANG_WARN_EMPTY_BODY = YES;
				CLANG_WARN_ENUM_CONVERSION = YES;
				CLANG_WARN_INFINITE_RECURSION = YES;
				CLANG_WARN_INT_CONVERSION = YES;
				CLANG_WARN_NON_LITERAL_NULL_CONVERSION = YES;
				CLANG_WARN_OBJC_IMPLICIT_RETAIN_SELF = YES;
				CLANG_WARN_OBJC_LITERAL_CONVERSION = YES;
				CLANG_WARN_OBJC_ROOT_CLASS = YES_ERROR;
				CLANG_WARN_RANGE_LOOP_ANALYSIS = YES;
				CLANG_WARN_STRICT_PROTOTYPES = YES;
				CLANG_WARN_SUSPICIOUS_MOVE = YES;
				CLANG_WARN_UNGUARDED_AVAILABILITY = YES_AGGRESSIVE;
				CLANG_WARN_UNREACHABLE_CODE = YES;
				CLANG_WARN__DUPLICATE_METHOD_MATCH = YES;
				COPY_PHASE_STRIP = NO;
				DEBUG_INFORMATION_FORMAT = "dwarf-with-dsym";
				ENABLE_NS_ASSERTIONS = NO;
				ENABLE_STRICT_OBJC_MSGSEND = YES;
				GCC_C_LANGUAGE_STANDARD = gnu11;
				GCC_NO_COMMON_BLOCKS = YES;
				GCC_WARN_64_TO_32_BIT_CONVERSION = YES;
				GCC_WARN_ABOUT_RETURN_TYPE = YES_ERROR;
				GCC_WARN_UNDECLARED_SELECTOR = YES;
				GCC_WARN_UNINITIALIZED_AUTOS = YES_AGGRESSIVE;
				GCC_WARN_UNUSED_FUNCTION = YES;
				GCC_WARN_UNUSED_VARIABLE = YES;
				IPHONEOS_DEPLOYMENT_TARGET = 13.2;
				MTL_ENABLE_DEBUG_INFO = NO;
				MTL_FAST_MATH = YES;
				SDKROOT = iphoneos;
				SWIFT_COMPILATION_MODE = wholemodule;
				SWIFT_OPTIMIZATION_LEVEL = "-O";
				VALIDATE_PRODUCT = YES;
			};
			name = Release;
		};
		40127AF523A06E4700260AF0 /* Debug */ = {
			isa = XCBuildConfiguration;
			baseConfigurationReference = 939DE07C470F123E9499D33E /* Pods-Recipe-CICCC.debug.xcconfig */;
			buildSettings = {
				ASSETCATALOG_COMPILER_APPICON_NAME = AppIcon;
				CODE_SIGN_STYLE = Automatic;
				DEVELOPMENT_TEAM = 58BN93L43H;
				INFOPLIST_FILE = "Recipe-CICCC/Info.plist";
				LD_RUNPATH_SEARCH_PATHS = (
					"$(inherited)",
					"@executable_path/Frameworks",
				);
				PRODUCT_BUNDLE_IDENTIFIER = "ca.acworkshop.Recipe-CICCC";
				PRODUCT_NAME = "$(TARGET_NAME)";
				SWIFT_VERSION = 5.0;
				TARGETED_DEVICE_FAMILY = "1,2";
			};
			name = Debug;
		};
		40127AF623A06E4700260AF0 /* Release */ = {
			isa = XCBuildConfiguration;
			baseConfigurationReference = 0A68970065BD7EB4CE3E307C /* Pods-Recipe-CICCC.release.xcconfig */;
			buildSettings = {
				ASSETCATALOG_COMPILER_APPICON_NAME = AppIcon;
				CODE_SIGN_STYLE = Automatic;
				DEVELOPMENT_TEAM = 58BN93L43H;
				INFOPLIST_FILE = "Recipe-CICCC/Info.plist";
				LD_RUNPATH_SEARCH_PATHS = (
					"$(inherited)",
					"@executable_path/Frameworks",
				);
				PRODUCT_BUNDLE_IDENTIFIER = "ca.acworkshop.Recipe-CICCC";
				PRODUCT_NAME = "$(TARGET_NAME)";
				SWIFT_VERSION = 5.0;
				TARGETED_DEVICE_FAMILY = "1,2";
			};
			name = Release;
		};
		40127AF823A06E4700260AF0 /* Debug */ = {
			isa = XCBuildConfiguration;
			baseConfigurationReference = A4B3B0DAE263BCAF397031CE /* Pods-Recipe-CICCCTests.debug.xcconfig */;
			buildSettings = {
				ALWAYS_EMBED_SWIFT_STANDARD_LIBRARIES = YES;
				BUNDLE_LOADER = "$(TEST_HOST)";
				CODE_SIGN_STYLE = Automatic;
				DEVELOPMENT_TEAM = 58BN93L43H;
				INFOPLIST_FILE = "Recipe-CICCCTests/Info.plist";
				IPHONEOS_DEPLOYMENT_TARGET = 13.2;
				LD_RUNPATH_SEARCH_PATHS = (
					"$(inherited)",
					"@executable_path/Frameworks",
					"@loader_path/Frameworks",
				);
				PRODUCT_BUNDLE_IDENTIFIER = "ca.acworkshop.Recipe-CICCCTests";
				PRODUCT_NAME = "$(TARGET_NAME)";
				SWIFT_VERSION = 5.0;
				TARGETED_DEVICE_FAMILY = "1,2";
				TEST_HOST = "$(BUILT_PRODUCTS_DIR)/Recipe-CICCC.app/Recipe-CICCC";
			};
			name = Debug;
		};
		40127AF923A06E4700260AF0 /* Release */ = {
			isa = XCBuildConfiguration;
			baseConfigurationReference = 02494DD702BE27D7F9C693EC /* Pods-Recipe-CICCCTests.release.xcconfig */;
			buildSettings = {
				ALWAYS_EMBED_SWIFT_STANDARD_LIBRARIES = YES;
				BUNDLE_LOADER = "$(TEST_HOST)";
				CODE_SIGN_STYLE = Automatic;
				DEVELOPMENT_TEAM = 58BN93L43H;
				INFOPLIST_FILE = "Recipe-CICCCTests/Info.plist";
				IPHONEOS_DEPLOYMENT_TARGET = 13.2;
				LD_RUNPATH_SEARCH_PATHS = (
					"$(inherited)",
					"@executable_path/Frameworks",
					"@loader_path/Frameworks",
				);
				PRODUCT_BUNDLE_IDENTIFIER = "ca.acworkshop.Recipe-CICCCTests";
				PRODUCT_NAME = "$(TARGET_NAME)";
				SWIFT_VERSION = 5.0;
				TARGETED_DEVICE_FAMILY = "1,2";
				TEST_HOST = "$(BUILT_PRODUCTS_DIR)/Recipe-CICCC.app/Recipe-CICCC";
			};
			name = Release;
		};
		40127AFB23A06E4700260AF0 /* Debug */ = {
			isa = XCBuildConfiguration;
			baseConfigurationReference = 32D8E6CD05D34DE248C814F4 /* Pods-Recipe-CICCC-Recipe-CICCCUITests.debug.xcconfig */;
			buildSettings = {
				ALWAYS_EMBED_SWIFT_STANDARD_LIBRARIES = YES;
				CODE_SIGN_STYLE = Automatic;
				DEVELOPMENT_TEAM = 58BN93L43H;
				INFOPLIST_FILE = "Recipe-CICCCUITests/Info.plist";
				LD_RUNPATH_SEARCH_PATHS = (
					"$(inherited)",
					"@executable_path/Frameworks",
					"@loader_path/Frameworks",
				);
				PRODUCT_BUNDLE_IDENTIFIER = "ca.acworkshop.Recipe-CICCCUITests";
				PRODUCT_NAME = "$(TARGET_NAME)";
				SWIFT_VERSION = 5.0;
				TARGETED_DEVICE_FAMILY = "1,2";
				TEST_TARGET_NAME = "Recipe-CICCC";
			};
			name = Debug;
		};
		40127AFC23A06E4700260AF0 /* Release */ = {
			isa = XCBuildConfiguration;
			baseConfigurationReference = 1FB68862972AF3D3836E2626 /* Pods-Recipe-CICCC-Recipe-CICCCUITests.release.xcconfig */;
			buildSettings = {
				ALWAYS_EMBED_SWIFT_STANDARD_LIBRARIES = YES;
				CODE_SIGN_STYLE = Automatic;
				DEVELOPMENT_TEAM = 58BN93L43H;
				INFOPLIST_FILE = "Recipe-CICCCUITests/Info.plist";
				LD_RUNPATH_SEARCH_PATHS = (
					"$(inherited)",
					"@executable_path/Frameworks",
					"@loader_path/Frameworks",
				);
				PRODUCT_BUNDLE_IDENTIFIER = "ca.acworkshop.Recipe-CICCCUITests";
				PRODUCT_NAME = "$(TARGET_NAME)";
				SWIFT_VERSION = 5.0;
				TARGETED_DEVICE_FAMILY = "1,2";
				TEST_TARGET_NAME = "Recipe-CICCC";
			};
			name = Release;
		};
/* End XCBuildConfiguration section */

/* Begin XCConfigurationList section */
		40127AC523A06E3C00260AF0 /* Build configuration list for PBXProject "Recipe-CICCC" */ = {
			isa = XCConfigurationList;
			buildConfigurations = (
				40127AF223A06E4700260AF0 /* Debug */,
				40127AF323A06E4700260AF0 /* Release */,
			);
			defaultConfigurationIsVisible = 0;
			defaultConfigurationName = Release;
		};
		40127AF423A06E4700260AF0 /* Build configuration list for PBXNativeTarget "Recipe-CICCC" */ = {
			isa = XCConfigurationList;
			buildConfigurations = (
				40127AF523A06E4700260AF0 /* Debug */,
				40127AF623A06E4700260AF0 /* Release */,
			);
			defaultConfigurationIsVisible = 0;
			defaultConfigurationName = Release;
		};
		40127AF723A06E4700260AF0 /* Build configuration list for PBXNativeTarget "Recipe-CICCCTests" */ = {
			isa = XCConfigurationList;
			buildConfigurations = (
				40127AF823A06E4700260AF0 /* Debug */,
				40127AF923A06E4700260AF0 /* Release */,
			);
			defaultConfigurationIsVisible = 0;
			defaultConfigurationName = Release;
		};
		40127AFA23A06E4700260AF0 /* Build configuration list for PBXNativeTarget "Recipe-CICCCUITests" */ = {
			isa = XCConfigurationList;
			buildConfigurations = (
				40127AFB23A06E4700260AF0 /* Debug */,
				40127AFC23A06E4700260AF0 /* Release */,
			);
			defaultConfigurationIsVisible = 0;
			defaultConfigurationName = Release;
		};
/* End XCConfigurationList section */
	};
	rootObject = 40127AC223A06E3C00260AF0 /* Project object */;
}
